
Microsoft Visual Studio Solution File, Format Version 12.00
# Visual Studio Version 17
VisualStudioVersion = 17.13.35931.197 d17.13
MinimumVisualStudioVersion = 10.0.40219.1
Project("{FAE04EC0-301F-11D3-BF4B-00C04F79EFBC}") = "06_Tabuada", "06_Tabuada.csproj", "{B7E97226-986C-4447-9A03-9C63FBC613AA}"
EndProject
Global
	GlobalSection(SolutionConfigurationPlatforms) = preSolution
		Debug|Any CPU = Debug|Any CPU
		Release|Any CPU = Release|Any CPU
	EndGlobalSection
	GlobalSection(ProjectConfigurationPlatforms) = postSolution
		{B7E97226-986C-4447-9A03-9C63FBC613AA}.Debug|Any CPU.ActiveCfg = Debug|Any CPU
		{B7E97226-986C-4447-9A03-9C63FBC613AA}.Debug|Any CPU.Build.0 = Debug|Any CPU
		{B7E97226-986C-4447-9A03-9C63FBC613AA}.Release|Any CPU.ActiveCfg = Release|Any CPU
		{B7E97226-986C-4447-9A03-9C63FBC613AA}.Release|Any CPU.Build.0 = Release|Any CPU
	EndGlobalSection
	GlobalSection(SolutionProperties) = preSolution
		HideSolutionNode = FALSE
	EndGlobalSection
	GlobalSection(ExtensibilityGlobals) = postSolution
		SolutionGuid = {1840E1CA-0A5F-4A4E-AA66-72AC0D27A6BF}
	EndGlobalSection
EndGlobal
